{
  "name": "spryker-yves-braintree",
  "version": "1.0.0",
  "lockfileVersion": 1,
  "requires": true,
  "dependencies": {
    "@braintree/asset-loader": {
      "version": "0.3.1",
      "resolved": "https://registry.npmjs.org/@braintree/asset-loader/-/asset-loader-0.3.1.tgz",
      "integrity": "sha512-6Jkps+3iobSwMOqSXHUwIU39QARDFr0T6R/OcIAKX51SlZbc8q9VXl+lxjsDDnNF8cybXn07OGEypeNs9ZKJ6g==",
      "requires": {
        "promise-polyfill": "^8.1.0"
      }
    },
    "@braintree/browser-detection": {
      "version": "1.9.0",
      "resolved": "https://registry.npmjs.org/@braintree/browser-detection/-/browser-detection-1.9.0.tgz",
      "integrity": "sha512-EEj6I9vRuxfvWRo4se5b13BP2nBVOJS9qoMKjFLJAMW+84/xgCaN6pYbZH8G6rDXhPUdkzqUPEGB3n+VdNFjTQ=="
    },
    "@braintree/class-list": {
      "version": "0.1.0",
      "resolved": "https://registry.npmjs.org/@braintree/class-list/-/class-list-0.1.0.tgz",
      "integrity": "sha512-AmXPsYhiNJKcxuwkgQjwyyTwFCeRlyFTeUJ9ecV/jLxS8ZH8fCAB4enYgArMRyvCekZZkqLK54kOJ6+OJBzJwA=="
    },
    "@braintree/event-emitter": {
      "version": "0.3.0",
      "resolved": "https://registry.npmjs.org/@braintree/event-emitter/-/event-emitter-0.3.0.tgz",
      "integrity": "sha512-yzC81QgTuL18RK9Da4C5oAyta5OLNZ3mGqiGKZFc8BKxOnGJN5ObhiFiOdbMbvPUYJQ4teZsal7j00o5RFlGcQ=="
    },
    "@braintree/extended-promise": {
      "version": "0.3.0",
      "resolved": "https://registry.npmjs.org/@braintree/extended-promise/-/extended-promise-0.3.0.tgz",
      "integrity": "sha512-AOBCcLlDo/JzxKfHN0s3QQjtDjVPgQAQ5INUomloTfg6qq5inEdHOkvts8Z/9RqqoCrOKgEbnRpGgWMQn+z1RA=="
    },
    "@braintree/iframer": {
      "version": "1.0.3",
      "resolved": "https://registry.npmjs.org/@braintree/iframer/-/iframer-1.0.3.tgz",
      "integrity": "sha1-Id0f1M69QVSuqx76TVsNX0OENk4="
    },
    "@braintree/sanitize-url": {
      "version": "4.0.0",
      "resolved": "https://registry.npmjs.org/@braintree/sanitize-url/-/sanitize-url-4.0.0.tgz",
      "integrity": "sha512-bOoFoTxuEUuri/v1q0OXN0HIrZ2EiZlRSKdveU8vS5xf2+g0TmpXhmxkTc1s+XWR5xZNoVU4uvf/Mher98tfLw=="
    },
    "@braintree/wrap-promise": {
      "version": "2.0.0",
      "resolved": "https://registry.npmjs.org/@braintree/wrap-promise/-/wrap-promise-2.0.0.tgz",
      "integrity": "sha512-I9s8c/bHBx7gM04yHGKjRoyqX1NhT4d3RIQjLZDW+yFI3DRmi/8JYDpxQeW4fiU6bWX2f3KV1Oa8r2nwKeaAwA=="
    },
    "Base64": {
      "version": "1.1.0",
      "resolved": "https://registry.npmjs.org/Base64/-/Base64-1.1.0.tgz",
      "integrity": "sha512-qeacf8dvGpf+XAT27ESHMh7z84uRzj/ua2pQdJg483m3bEXv/kVFtDnMgvf70BQGqzbZhR9t6BmASzKvqfJf3Q=="
    },
    "beaver-logger": {
      "version": "3.0.19",
      "resolved": "https://registry.npmjs.org/beaver-logger/-/beaver-logger-3.0.19.tgz",
      "integrity": "sha512-hfBwPUD8PeE6mFSTtWAYd/wI8AzaoeRGNIpWGZWJGZBLyl7Fb7n6PL33JujUzWKWDsIi9V3HoppqIyM/CeeSnw==",
      "requires": {
        "zalgo-promise": "^1.0.26"
      }
    },
    "belter": {
      "version": "1.0.120",
      "resolved": "https://registry.npmjs.org/belter/-/belter-1.0.120.tgz",
      "integrity": "sha512-n9y+gNmacueLY8+aR/AVu5KxqzoHlrgR5pr24n81KYlqzMsLlRJipi993HBiUgkX7g6W1Zt91DaPozaqbnyKKw==",
      "requires": {
        "cross-domain-safe-weakmap": "^1.0.20",
        "cross-domain-utils": "^2.0.10",
        "zalgo-promise": "^1.0.28"
      }
    },
    "bowser": {
      "version": "1.9.4",
      "resolved": "https://registry.npmjs.org/bowser/-/bowser-1.9.4.tgz",
      "integrity": "sha512-9IdMmj2KjigRq6oWhmwv1W36pDuA4STQZ8q6YO9um+x07xgYNCD3Oou+WP/3L1HNz7iqythGet3/p4wvc8AAwQ=="
    },
    "braintree-web": {
      "version": "3.61.0",
      "resolved": "https://registry.npmjs.org/braintree-web/-/braintree-web-3.61.0.tgz",
      "integrity": "sha512-ON1CkzfxnDlWLpgNlKWckbCSVHOzUzPfv0sKKTbSBx0i7XVHAFqCB+Cz5XEH+jMnV5W8xjLidLptLWpmY/cHAw==",
      "requires": {
        "@braintree/asset-loader": "0.3.1",
        "@braintree/browser-detection": "1.9.0",
        "@braintree/class-list": "0.1.0",
        "@braintree/event-emitter": "0.3.0",
        "@braintree/extended-promise": "0.3.0",
        "@braintree/iframer": "1.0.3",
        "@braintree/sanitize-url": "4.0.1",
        "@braintree/wrap-promise": "2.0.0",
        "card-validator": "6.2.0",
        "credit-card-type": "8.3.0",
        "framebus": "3.0.2",
        "inject-stylesheet": "2.0.0",
        "promise-polyfill": "8.1.3",
        "restricted-input": "2.1.0"
      },
      "dependencies": {
        "@braintree/sanitize-url": {
          "version": "4.0.1",
          "resolved": "https://registry.npmjs.org/@braintree/sanitize-url/-/sanitize-url-4.0.1.tgz",
          "integrity": "sha512-THIQtVN491hY2rTZ/h5boj0CwDKrZQIUnfaj6RbpGwRJKfmEIgNpgcCJC3KZl1Vux9bQmdE2P4Q7cYUoSUQ4MA=="
        },
        "restricted-input": {
          "version": "2.1.0",
          "resolved": "https://registry.npmjs.org/restricted-input/-/restricted-input-2.1.0.tgz",
          "integrity": "sha512-dH4cNfdTgChSlqYGff0zMtLSPWj3oU4oph9GvHgWhDEiHftk7/B9Ci5y5mCts2atvcm2a0gTZ8XqNaP9cVzMwg==",
          "requires": {
            "@braintree/browser-detection": "^1.9.0"
          }
        }
      }
    },
    "braintree-web-drop-in": {
      "version": "1.20.4",
      "resolved": "https://registry.npmjs.org/braintree-web-drop-in/-/braintree-web-drop-in-1.20.4.tgz",
      "integrity": "sha512-hsHtTH6Az1gXRiya5cf7T76mYBm8K4KJ9sKIh/krtQ3qdpRBoaIVSjhLjzeUU7xnx8LkHQ8seVkWlNPdBTXOPQ==",
      "requires": {
        "@braintree/asset-loader": "0.3.1",
        "@braintree/browser-detection": "1.9.0",
        "@braintree/class-list": "0.1.0",
        "@braintree/event-emitter": "0.3.0",
        "@braintree/wrap-promise": "2.0.0",
        "braintree-web": "3.54.2",
        "promise-polyfill": "8.1.3"
      },
      "dependencies": {
        "braintree-web": {
          "version": "3.54.2",
          "resolved": "https://registry.npmjs.org/braintree-web/-/braintree-web-3.54.2.tgz",
          "integrity": "sha512-gLTiD/iMptrH9y+4cwRh3OT0vVXgMLkMFtzZn15YACPPWvGqY9LPJmv88+y+J8fL3H193lFxa+rxfh9YPViJ3A==",
          "requires": {
            "@braintree/asset-loader": "0.3.1",
            "@braintree/browser-detection": "1.9.0",
            "@braintree/class-list": "0.1.0",
            "@braintree/event-emitter": "0.3.0",
            "@braintree/iframer": "1.0.3",
            "@braintree/sanitize-url": "4.0.0",
            "@braintree/wrap-promise": "2.0.0",
            "card-validator": "6.2.0",
            "credit-card-type": "8.3.0",
            "framebus": "3.0.2",
            "inject-stylesheet": "2.0.0",
            "promise-polyfill": "8.1.3",
            "restricted-input": "2.0.2"
          }
        }
      }
    },
    "card-validator": {
      "version": "6.2.0",
      "resolved": "https://registry.npmjs.org/card-validator/-/card-validator-6.2.0.tgz",
      "integrity": "sha512-1vYv45JaE9NmixZr4dl6ykzbFKv7imI9L7MQDs235b/a7EGbG8rrEsipeHtVvscLSUbl3RX6UP5gyOe0Y2FlHA==",
      "requires": {
        "credit-card-type": "^8.0.0"
      }
    },
    "credit-card-type": {
      "version": "8.3.0",
      "resolved": "https://registry.npmjs.org/credit-card-type/-/credit-card-type-8.3.0.tgz",
      "integrity": "sha512-czfZUpQ7W9CDxZL4yFLb1kFtM/q2lTOY975hL2aO+DC8+GRNDVSXVCHXhVFZPxiUKmQCZbFP8vIhxx5TBQaThw=="
    },
    "cross-domain-safe-weakmap": {
      "version": "1.0.27",
      "resolved": "https://registry.npmjs.org/cross-domain-safe-weakmap/-/cross-domain-safe-weakmap-1.0.27.tgz",
      "integrity": "sha512-f5etDzszteeGh99Dzd7o72FGwd8rLGzgEv50Vk0r8mLzPdQEzcb7Vmx3PfKWD4k66Hp8vN0BLPuBmmMs4UxseQ==",
      "requires": {
        "cross-domain-utils": "^2.0.0"
      }
    },
    "cross-domain-utils": {
      "version": "2.0.32",
      "resolved": "https://registry.npmjs.org/cross-domain-utils/-/cross-domain-utils-2.0.32.tgz",
      "integrity": "sha512-3qwXBJxVuctEcH6jg0MkFCyIYq6ta+x1OVlCmBrtJxlPGtdRqn0zV4Z0SfZaxzX3QBLAeiwWS8FKPQZ5ihWPxw==",
      "requires": {
        "zalgo-promise": "^1.0.11"
      }
    },
    "form-serialize": {
      "version": "0.7.2",
      "resolved": "https://registry.npmjs.org/form-serialize/-/form-serialize-0.7.2.tgz",
      "integrity": "sha1-sKL/DCICb7bT0VydM/beakMuRzI="
    },
    "framebus": {
      "version": "3.0.2",
      "resolved": "https://registry.npmjs.org/framebus/-/framebus-3.0.2.tgz",
      "integrity": "sha512-OqhYkhgRYlpKZoSl5EA3whKh8O8omFPCzf7MGzFqC6CtrT8lg7evNgU6QdjC3uY3ATq5saMDiY5HJ8KGiGDYCA=="
    },
    "hi-base32": {
      "version": "0.5.0",
      "resolved": "https://registry.npmjs.org/hi-base32/-/hi-base32-0.5.0.tgz",
      "integrity": "sha512-DDRmxSyoYuvjUb9EnXdoiMChBZ7ZcUVJsK5Frd3kqMhuBxvmZdnBeynAVfj7/ECbn++CekcoprvC/rprHPAtow=="
    },
    "inject-stylesheet": {
      "version": "2.0.0",
      "resolved": "https://registry.npmjs.org/inject-stylesheet/-/inject-stylesheet-2.0.0.tgz",
      "integrity": "sha512-XiItpXWDXRrH1VhG5AnHghuZdpDp6UeugiOKBr3RGmANucucHwKuT0BPSB0zpDqiX3P+rhhJFip1rxOI18+/Tw=="
    },
    "jquery": {
      "version": "3.5.0",
      "resolved": "https://registry.npmjs.org/jquery/-/jquery-3.5.0.tgz",
      "integrity": "sha512-Xb7SVYMvygPxbFMpTFQiHh1J7HClEaThguL15N/Gg37Lri/qKyhRGZYzHRyLH8Stq3Aow0LsHO2O2ci86fCrNQ=="
    },
    "paypal-checkout": {
      "version": "4.0.314",
      "resolved": "https://registry.npmjs.org/paypal-checkout/-/paypal-checkout-4.0.314.tgz",
      "integrity": "sha512-aEE2SGvETudDhKnMydRsu+Zbp2fp08btMYSAcSo03/1dTs0gvWfVuqLGS3fGbVYng8zcDwm/ZZ9X5OhdhhSWAw==",
      "requires": {
        "Base64": "^1.0.0",
        "beaver-logger": "^3.0.6",
        "belter": "^1.0.96",
        "bowser": "^1.7.1",
        "cross-domain-utils": "^2.0.1",
        "form-serialize": "^0.7.2",
        "hi-base32": "^0.5.0",
        "post-robot": "^8.0.0",
        "zalgo-promise": "^1.0.10",
        "zoid": "^6.0.67"
      }
    },
    "post-robot": {
      "version": "8.0.31",
      "resolved": "https://registry.npmjs.org/post-robot/-/post-robot-8.0.31.tgz",
      "integrity": "sha512-nUhtKgtmcgyuPm4RnIhUB3gsDYJBHOgFry3TvOxhIHpgfwYY/T69d4oB90tw4YUllFZUUwqLEv1Wgyg6eOoJ7A==",
      "requires": {
        "cross-domain-safe-weakmap": "^1.0.1",
        "cross-domain-utils": "^2.0.0",
        "zalgo-promise": "^1.0.3"
      }
    },
    "promise-polyfill": {
      "version": "8.1.3",
      "resolved": "https://registry.npmjs.org/promise-polyfill/-/promise-polyfill-8.1.3.tgz",
      "integrity": "sha512-MG5r82wBzh7pSKDRa9y+vllNHz3e3d4CNj1PQE4BQYxLme0gKYYBm9YENq+UkEikyZ0XbiGWxYlVw3Rl9O/U8g=="
    },
    "restricted-input": {
      "version": "2.0.2",
      "resolved": "https://registry.npmjs.org/restricted-input/-/restricted-input-2.0.2.tgz",
      "integrity": "sha512-SER1EIVnefoHM8fu7SqNeCfB9nphfD0q45s0iUv2zy5soKiB4knCmFziEmpa9aunmW4A9V1Bszx6AK03/HMVYQ==",
      "requires": {
        "@braintree/browser-detection": "^1.8.0"
      }
    },
    "zalgo-promise": {
      "version": "1.0.44",
      "resolved": "https://registry.npmjs.org/zalgo-promise/-/zalgo-promise-1.0.44.tgz",
      "integrity": "sha512-CSQ1xh0vVwgrohObNdysPANonBV+3yl1Xy+qrtMWBvb/a0D/2OUNqb0GJvaAgGtP/gQawtiQAFil2bGSq8aoMA=="
    },
    "zoid": {
      "version": "6.0.79",
      "resolved": "https://registry.npmjs.org/zoid/-/zoid-6.0.79.tgz",
      "integrity": "sha512-OEgbGFHRE1py2grN568gpsc6ELct+ldR5n2PMSXHm7PRMcSEPOr0BSBACx8l/O2R7At1ZQds7PYKTKnfxuy1Iw==",
      "requires": {
        "beaver-logger": "^3.0.17",
        "belter": "^1.0.77",
        "cross-domain-safe-weakmap": "^1.0.22",
        "cross-domain-utils": "^2.0.16",
        "hi-base32": "^0.5.0",
        "post-robot": "^8.0.29",
        "zalgo-promise": "^1.0.34"
      }
    }
  }
}
